// !$*UTF8*$!
{
	archiveVersion = 1;
	classes = {
	};
	objectVersion = 77;
	objects = {

/* Begin PBXBuildFile section */
		00E1D0ECD04ABCFD654CDB86 /* ClipnoteAPI.swift in Sources */ = {isa = PBXBuildFile; fileRef = B0785357617101FBE2328D1B /* ClipnoteAPI.swift */; };
		03DA969F16C9BF943BC40F41 /* ContentView.swift in Sources */ = {isa = PBXBuildFile; fileRef = 5901F527D1FE582F9DC5370A /* ContentView.swift */; };
		093FC8CF548AF0FC0D104685 /* MarkdownBuilder.swift in Sources */ = {isa = PBXBuildFile; fileRef = E1E331A550C1529F607C7A2E /* MarkdownBuilder.swift */; };
		135D0BE366E1B9376F0C4D10 /* skill-core in Resources */ = {isa = PBXBuildFile; fileRef = 086E183F0701CE008CB3614E /* skill-core */; };
		179A2A6579E244A3E00F6783 /* KeychainStoreTests.swift in Sources */ = {isa = PBXBuildFile; fileRef = 1005F4C611062AAA77ECDEEE /* KeychainStoreTests.swift */; };
		23C6649CAE779F414FBCC05A /* Support.swift in Sources */ = {isa = PBXBuildFile; fileRef = CBF47733217E898BADAED894 /* Support.swift */; };
		24955C28DB6ED6FCF52C829E /* TestBundle.swift in Sources */ = {isa = PBXBuildFile; fileRef = DC2E252968509799BB54D5ED /* TestBundle.swift */; };
		25B6A500536A8B66C8FC0570 /* YouTubeURLTests.swift in Sources */ = {isa = PBXBuildFile; fileRef = DC6B65C52C1E88D7F735C6E0 /* YouTubeURLTests.swift */; };
		2EF122CBA49C1B36CB19F374 /* MustacheLiteTests.swift in Sources */ = {isa = PBXBuildFile; fileRef = 1B6E537FA711C74FA2DF1ECA /* MustacheLiteTests.swift */; };
		30DC30B5CFE165D9DDA89017 /* Fixtures in Resources */ = {isa = PBXBuildFile; fileRef = 3D29DA080058AC8289743384 /* Fixtures */; };
		3B3BE03D253C461CBED7F56F /* Analysis.swift in Sources */ = {isa = PBXBuildFile; fileRef = 26CEA983299132DF09EDDF81 /* Analysis.swift */; };
		55D4CADEB5AF68EACA8F3363 /* ClipnoteApp.swift in Sources */ = {isa = PBXBuildFile; fileRef = 767EF3AD9B2B7205C47CCDF8 /* ClipnoteApp.swift */; };
		58C2E2C5F997DC2422820D2B /* YouTubeURL.swift in Sources */ = {isa = PBXBuildFile; fileRef = 02A890E9DC0157F018709067 /* YouTubeURL.swift */; };
		58CFCCA945901B46C42D14E1 /* PlayerWebView.swift in Sources */ = {isa = PBXBuildFile; fileRef = 20924CC388A5A71A968C279B /* PlayerWebView.swift */; };
		6011C1BFACD3602B65871E4C /* NotionBlockBuilder.swift in Sources */ = {isa = PBXBuildFile; fileRef = BFFA10C56D0780CFAD9FC1E3 /* NotionBlockBuilder.swift */; };
		60E83AB1C8EAE63F7907FD29 /* MarkdownBuilderGoldenTests.swift in Sources */ = {isa = PBXBuildFile; fileRef = D6FDD1EC2B34EB3972563122 /* MarkdownBuilderGoldenTests.swift */; };
		63A73CFB7E75AEFCD159375E /* CandidatePickerView.swift in Sources */ = {isa = PBXBuildFile; fileRef = 4CEF3886533D746433E25B83 /* CandidatePickerView.swift */; };
		6971DA3494084729BACD0C58 /* SettingsView.swift in Sources */ = {isa = PBXBuildFile; fileRef = A582DCBA84994547250330F9 /* SettingsView.swift */; };
		6C580F3FE81ECC56D479A8B7 /* AppModelTests.swift in Sources */ = {isa = PBXBuildFile; fileRef = D4189D5DBCF03DF2C37B74CA /* AppModelTests.swift */; };
		70A5D8FB3F7FE9B4FCBD1984 /* CandidateTimesTests.swift in Sources */ = {isa = PBXBuildFile; fileRef = 59E46F4ACF5BF43CB5AD38C5 /* CandidateTimesTests.swift */; };
		73BC5151FDDA4ECF48BDA83C /* HomeView.swift in Sources */ = {isa = PBXBuildFile; fileRef = 4F537FF3C92D7F959A828FD0 /* HomeView.swift */; };
		75D14BA22DA228CF3A4CBBA1 /* CandidateTimes.swift in Sources */ = {isa = PBXBuildFile; fileRef = 95A9058A08C2CB93E411284E /* CandidateTimes.swift */; };
		763938967BEBD5D24E9533CC /* ShareInboxTests.swift in Sources */ = {isa = PBXBuildFile; fileRef = 5903F609B4D280036CDE8BB5 /* ShareInboxTests.swift */; };
		7964969B970062E7A0A94E2D /* YouTubeURL.swift in Sources */ = {isa = PBXBuildFile; fileRef = 02A890E9DC0157F018709067 /* YouTubeURL.swift */; };
		7AC948FF15C57B6DEDA6C27A /* NotionPageID.swift in Sources */ = {isa = PBXBuildFile; fileRef = 5B5C20A9BA66575DBCC66A67 /* NotionPageID.swift */; };
		7B5BB2F263CBE79E6E74AAF4 /* KeychainStore.swift in Sources */ = {isa = PBXBuildFile; fileRef = 1C53CA9270B06BE86C9EF3D0 /* KeychainStore.swift */; };
		827402093F5BA32ACD7E668F /* NotionPageIDTests.swift in Sources */ = {isa = PBXBuildFile; fileRef = 4AAFC864ADAC47D29A940439 /* NotionPageIDTests.swift */; };
		86F6833E9BE61FD69D542D97 /* ClipnoteAPITests.swift in Sources */ = {isa = PBXBuildFile; fileRef = 78A46F54889DC7794BFD06B8 /* ClipnoteAPITests.swift */; };
		9B62AFE5AE59A2423BF212A6 /* Settings.swift in Sources */ = {isa = PBXBuildFile; fileRef = 7EAC7C06E40745B83B2ABD5B /* Settings.swift */; };
		A3FDDC1878A6753D910679CD /* SettingsTests.swift in Sources */ = {isa = PBXBuildFile; fileRef = E95074CB2F387CE12D43E8DA /* SettingsTests.swift */; };
		A7ED52438464909A7E6825D3 /* ShareViewController.swift in Sources */ = {isa = PBXBuildFile; fileRef = F78FA600AC9089972CD6951F /* ShareViewController.swift */; };
		B048E7331E8BB4ACF80A470F /* MustacheLite.swift in Sources */ = {isa = PBXBuildFile; fileRef = 3656C1A46AF2A2255D46BA1B /* MustacheLite.swift */; };
		B9CDC77070A7808B89E95A16 /* DocumentStore.swift in Sources */ = {isa = PBXBuildFile; fileRef = 67B1E238A13D8A9884F801DC /* DocumentStore.swift */; };
		BBB3B01E75059040AB8D5D0E /* AnalyzeFlowView.swift in Sources */ = {isa = PBXBuildFile; fileRef = 02DF4E4D457ECB0DEAD6EB7C /* AnalyzeFlowView.swift */; };
		BF49CC80F86A52B3F773CF24 /* DocumentView.swift in Sources */ = {isa = PBXBuildFile; fileRef = 2D02F2EB91181BAE3E0F996D /* DocumentView.swift */; };
		C92445F9BDBA7A3DE72BC97B /* DocumentStoreTests.swift in Sources */ = {isa = PBXBuildFile; fileRef = 9EADDF25F82E762D7756AD48 /* DocumentStoreTests.swift */; };
		CB00BD738D93A55FEF1B4EC4 /* SpikeCaptureView.swift in Sources */ = {isa = PBXBuildFile; fileRef = 82CA802247D1A52D9CB7E9CB /* SpikeCaptureView.swift */; };
		D07EAE4DA4B8E749703A6A21 /* CaptureScript.swift in Sources */ = {isa = PBXBuildFile; fileRef = 422D26C2AB7348347DACFC7E /* CaptureScript.swift */; };
		DAD28AD8CB9ACAF3B4C7F432 /* ShareInbox.swift in Sources */ = {isa = PBXBuildFile; fileRef = 1E0D0A9FFF81BFAF7E708572 /* ShareInbox.swift */; };
		DD49C47A23680E24A0F6C8C0 /* PlayerBridge.swift in Sources */ = {isa = PBXBuildFile; fileRef = 63428D6C8CFA774A9F628412 /* PlayerBridge.swift */; };
		E3AC82813D79937D94143C3C /* ClipnoteShare.appex in Embed Foundation Extensions */ = {isa = PBXBuildFile; fileRef = EF1BDBF762D2D5BD14E61A04 /* ClipnoteShare.appex */; platformFilter = ios; settings = {ATTRIBUTES = (RemoveHeadersOnCopy, ); }; };
		E64E7CB20C1E29F76275F638 /* AppModel.swift in Sources */ = {isa = PBXBuildFile; fileRef = 566341E0C576E91DCB9F6D80 /* AppModel.swift */; };
		E66040DE1B47A827360800DE /* NotionBlockBuilderGoldenTests.swift in Sources */ = {isa = PBXBuildFile; fileRef = A4E278FA85B2D40271C69E4F /* NotionBlockBuilderGoldenTests.swift */; };
		ECA478199E0D15C7C24874DF /* CapturePipelineTests.swift in Sources */ = {isa = PBXBuildFile; fileRef = C1A801FF4295DCF414932918 /* CapturePipelineTests.swift */; };
		F0927E072FF2FD35AC566BAD /* AnalysisTests.swift in Sources */ = {isa = PBXBuildFile; fileRef = E5F3B2D4944356124B26AD73 /* AnalysisTests.swift */; };
/* End PBXBuildFile section */

/* Begin PBXContainerItemProxy section */
		72B9119BD2F62EA4E9B315D7 /* PBXContainerItemProxy */ = {
			isa = PBXContainerItemProxy;
			containerPortal = 0D3B0AAA39C801B034615528 /* Project object */;
			proxyType = 1;
			remoteGlobalIDString = 6548556369CFC336C33C5280;
			remoteInfo = ClipnoteShare;
		};
		A2B647ADF040FE8453357AAE /* PBXContainerItemProxy */ = {
			isa = PBXContainerItemProxy;
			containerPortal = 0D3B0AAA39C801B034615528 /* Project object */;
			proxyType = 1;
			remoteGlobalIDString = 2A23A650288ED641AE1E9288;
			remoteInfo = Clipnote;
		};
/* End PBXContainerItemProxy section */

/* Begin PBXCopyFilesBuildPhase section */
		9B98FD0B677DE4878DE0EA01 /* Embed Foundation Extensions */ = {
			isa = PBXCopyFilesBuildPhase;
			buildActionMask = 2147483647;
			dstPath = "";
			dstSubfolderSpec = 13;
			files = (
				E3AC82813D79937D94143C3C /* ClipnoteShare.appex in Embed Foundation Extensions */,
			);
			name = "Embed Foundation Extensions";
			runOnlyForDeploymentPostprocessing = 0;
		};
/* End PBXCopyFilesBuildPhase section */

/* Begin PBXFileReference section */
		02A890E9DC0157F018709067 /* YouTubeURL.swift */ = {isa = PBXFileReference; lastKnownFileType = sourcecode.swift; path = YouTubeURL.swift; sourceTree = "<group>"; };
		02DF4E4D457ECB0DEAD6EB7C /* AnalyzeFlowView.swift */ = {isa = PBXFileReference; lastKnownFileType = sourcecode.swift; path = AnalyzeFlowView.swift; sourceTree = "<group>"; };
		086E183F0701CE008CB3614E /* skill-core */ = {isa = PBXFileReference; lastKnownFileType = folder; name = "skill-core"; path = "Resources/skill-core"; sourceTree = SOURCE_ROOT; };
		1005F4C611062AAA77ECDEEE /* KeychainStoreTests.swift */ = {isa = PBXFileReference; lastKnownFileType = sourcecode.swift; path = KeychainStoreTests.swift; sourceTree = "<group>"; };
		1B6E537FA711C74FA2DF1ECA /* MustacheLiteTests.swift */ = {isa = PBXFileReference; lastKnownFileType = sourcecode.swift; path = MustacheLiteTests.swift; sourceTree = "<group>"; };
		1C53CA9270B06BE86C9EF3D0 /* KeychainStore.swift */ = {isa = PBXFileReference; lastKnownFileType = sourcecode.swift; path = KeychainStore.swift; sourceTree = "<group>"; };
		1E0D0A9FFF81BFAF7E708572 /* ShareInbox.swift */ = {isa = PBXFileReference; lastKnownFileType = sourcecode.swift; path = ShareInbox.swift; sourceTree = "<group>"; };
		20924CC388A5A71A968C279B /* PlayerWebView.swift */ = {isa = PBXFileReference; lastKnownFileType = sourcecode.swift; path = PlayerWebView.swift; sourceTree = "<group>"; };
		26CEA983299132DF09EDDF81 /* Analysis.swift */ = {isa = PBXFileReference; lastKnownFileType = sourcecode.swift; path = Analysis.swift; sourceTree = "<group>"; };
		28E35D5A3C0D2430AF8290DB /* Clipnote.app */ = {isa = PBXFileReference; includeInIndex = 0; lastKnownFileType = wrapper.application; path = Clipnote.app; sourceTree = BUILT_PRODUCTS_DIR; };
		2D02F2EB91181BAE3E0F996D /* DocumentView.swift */ = {isa = PBXFileReference; lastKnownFileType = sourcecode.swift; path = DocumentView.swift; sourceTree = "<group>"; };
		3656C1A46AF2A2255D46BA1B /* MustacheLite.swift */ = {isa = PBXFileReference; lastKnownFileType = sourcecode.swift; path = MustacheLite.swift; sourceTree = "<group>"; };
		3D29DA080058AC8289743384 /* Fixtures */ = {isa = PBXFileReference; lastKnownFileType = folder; name = Fixtures; path = Tests/Fixtures; sourceTree = SOURCE_ROOT; };
		422337F16ECC7377FB106D23 /* Clipnote-macOS.entitlements */ = {isa = PBXFileReference; lastKnownFileType = text.plist.entitlements; path = "Clipnote-macOS.entitlements"; sourceTree = "<group>"; };
		422D26C2AB7348347DACFC7E /* CaptureScript.swift */ = {isa = PBXFileReference; lastKnownFileType = sourcecode.swift; path = CaptureScript.swift; sourceTree = "<group>"; };
		4AAFC864ADAC47D29A940439 /* NotionPageIDTests.swift */ = {isa = PBXFileReference; lastKnownFileType = sourcecode.swift; path = NotionPageIDTests.swift; sourceTree = "<group>"; };
		4CEF3886533D746433E25B83 /* CandidatePickerView.swift */ = {isa = PBXFileReference; lastKnownFileType = sourcecode.swift; path = CandidatePickerView.swift; sourceTree = "<group>"; };
		4F537FF3C92D7F959A828FD0 /* HomeView.swift */ = {isa = PBXFileReference; lastKnownFileType = sourcecode.swift; path = HomeView.swift; sourceTree = "<group>"; };
		566341E0C576E91DCB9F6D80 /* AppModel.swift */ = {isa = PBXFileReference; lastKnownFileType = sourcecode.swift; path = AppModel.swift; sourceTree = "<group>"; };
		5901F527D1FE582F9DC5370A /* ContentView.swift */ = {isa = PBXFileReference; lastKnownFileType = sourcecode.swift; path = ContentView.swift; sourceTree = "<group>"; };
		5903F609B4D280036CDE8BB5 /* ShareInboxTests.swift */ = {isa = PBXFileReference; lastKnownFileType = sourcecode.swift; path = ShareInboxTests.swift; sourceTree = "<group>"; };
		59E46F4ACF5BF43CB5AD38C5 /* CandidateTimesTests.swift */ = {isa = PBXFileReference; lastKnownFileType = sourcecode.swift; path = CandidateTimesTests.swift; sourceTree = "<group>"; };
		5B5C20A9BA66575DBCC66A67 /* NotionPageID.swift */ = {isa = PBXFileReference; lastKnownFileType = sourcecode.swift; path = NotionPageID.swift; sourceTree = "<group>"; };
		63428D6C8CFA774A9F628412 /* PlayerBridge.swift */ = {isa = PBXFileReference; lastKnownFileType = sourcecode.swift; path = PlayerBridge.swift; sourceTree = "<group>"; };
		67B1E238A13D8A9884F801DC /* DocumentStore.swift */ = {isa = PBXFileReference; lastKnownFileType = sourcecode.swift; path = DocumentStore.swift; sourceTree = "<group>"; };
		767EF3AD9B2B7205C47CCDF8 /* ClipnoteApp.swift */ = {isa = PBXFileReference; lastKnownFileType = sourcecode.swift; path = ClipnoteApp.swift; sourceTree = "<group>"; };
		78A46F54889DC7794BFD06B8 /* ClipnoteAPITests.swift */ = {isa = PBXFileReference; lastKnownFileType = sourcecode.swift; path = ClipnoteAPITests.swift; sourceTree = "<group>"; };
		7AA3A4271866979EE2794728 /* ClipnoteTests.xctest */ = {isa = PBXFileReference; includeInIndex = 0; lastKnownFileType = wrapper.cfbundle; path = ClipnoteTests.xctest; sourceTree = BUILT_PRODUCTS_DIR; };
		7EAC7C06E40745B83B2ABD5B /* Settings.swift */ = {isa = PBXFileReference; lastKnownFileType = sourcecode.swift; path = Settings.swift; sourceTree = "<group>"; };
		7FF25858BF4FE970AF728713 /* ClipnoteShare.entitlements */ = {isa = PBXFileReference; lastKnownFileType = text.plist.entitlements; path = ClipnoteShare.entitlements; sourceTree = "<group>"; };
		82CA802247D1A52D9CB7E9CB /* SpikeCaptureView.swift */ = {isa = PBXFileReference; lastKnownFileType = sourcecode.swift; path = SpikeCaptureView.swift; sourceTree = "<group>"; };
		95A9058A08C2CB93E411284E /* CandidateTimes.swift */ = {isa = PBXFileReference; lastKnownFileType = sourcecode.swift; path = CandidateTimes.swift; sourceTree = "<group>"; };
		99048B61EEFA2BFFC865C74E /* Info.plist */ = {isa = PBXFileReference; lastKnownFileType = text.plist; path = Info.plist; sourceTree = "<group>"; };
		9ABBD420677B02D93F6AC1F9 /* Clipnote-iOS.entitlements */ = {isa = PBXFileReference; lastKnownFileType = text.plist.entitlements; path = "Clipnote-iOS.entitlements"; sourceTree = "<group>"; };
		9D6A6A896A1900F05F68DAF6 /* Info.plist */ = {isa = PBXFileReference; lastKnownFileType = text.plist; path = Info.plist; sourceTree = "<group>"; };
		9EADDF25F82E762D7756AD48 /* DocumentStoreTests.swift */ = {isa = PBXFileReference; lastKnownFileType = sourcecode.swift; path = DocumentStoreTests.swift; sourceTree = "<group>"; };
		A4E278FA85B2D40271C69E4F /* NotionBlockBuilderGoldenTests.swift */ = {isa = PBXFileReference; lastKnownFileType = sourcecode.swift; path = NotionBlockBuilderGoldenTests.swift; sourceTree = "<group>"; };
		A582DCBA84994547250330F9 /* SettingsView.swift */ = {isa = PBXFileReference; lastKnownFileType = sourcecode.swift; path = SettingsView.swift; sourceTree = "<group>"; };
		B0785357617101FBE2328D1B /* ClipnoteAPI.swift */ = {isa = PBXFileReference; lastKnownFileType = sourcecode.swift; path = ClipnoteAPI.swift; sourceTree = "<group>"; };
		BFFA10C56D0780CFAD9FC1E3 /* NotionBlockBuilder.swift */ = {isa = PBXFileReference; lastKnownFileType = sourcecode.swift; path = NotionBlockBuilder.swift; sourceTree = "<group>"; };
		C1A801FF4295DCF414932918 /* CapturePipelineTests.swift */ = {isa = PBXFileReference; lastKnownFileType = sourcecode.swift; path = CapturePipelineTests.swift; sourceTree = "<group>"; };
		CBF47733217E898BADAED894 /* Support.swift */ = {isa = PBXFileReference; lastKnownFileType = sourcecode.swift; path = Support.swift; sourceTree = "<group>"; };
		D4189D5DBCF03DF2C37B74CA /* AppModelTests.swift */ = {isa = PBXFileReference; lastKnownFileType = sourcecode.swift; path = AppModelTests.swift; sourceTree = "<group>"; };
		D6FDD1EC2B34EB3972563122 /* MarkdownBuilderGoldenTests.swift */ = {isa = PBXFileReference; lastKnownFileType = sourcecode.swift; path = MarkdownBuilderGoldenTests.swift; sourceTree = "<group>"; };
		DC2E252968509799BB54D5ED /* TestBundle.swift */ = {isa = PBXFileReference; lastKnownFileType = sourcecode.swift; path = TestBundle.swift; sourceTree = "<group>"; };
		DC6B65C52C1E88D7F735C6E0 /* YouTubeURLTests.swift */ = {isa = PBXFileReference; lastKnownFileType = sourcecode.swift; path = YouTubeURLTests.swift; sourceTree = "<group>"; };
		E1E331A550C1529F607C7A2E /* MarkdownBuilder.swift */ = {isa = PBXFileReference; lastKnownFileType = sourcecode.swift; path = MarkdownBuilder.swift; sourceTree = "<group>"; };
		E5F3B2D4944356124B26AD73 /* AnalysisTests.swift */ = {isa = PBXFileReference; lastKnownFileType = sourcecode.swift; path = AnalysisTests.swift; sourceTree = "<group>"; };
		E95074CB2F387CE12D43E8DA /* SettingsTests.swift */ = {isa = PBXFileReference; lastKnownFileType = sourcecode.swift; path = SettingsTests.swift; sourceTree = "<group>"; };
		EF1BDBF762D2D5BD14E61A04 /* ClipnoteShare.appex */ = {isa = PBXFileReference; includeInIndex = 0; lastKnownFileType = "wrapper.app-extension"; path = ClipnoteShare.appex; sourceTree = BUILT_PRODUCTS_DIR; };
		F78FA600AC9089972CD6951F /* ShareViewController.swift */ = {isa = PBXFileReference; lastKnownFileType = sourcecode.swift; path = ShareViewController.swift; sourceTree = "<group>"; };
/* End PBXFileReference section */

/* Begin PBXGroup section */
		0BE6FE5C31551DDD190E65E4 /* Views */ = {
			isa = PBXGroup;
			children = (
				02DF4E4D457ECB0DEAD6EB7C /* AnalyzeFlowView.swift */,
				4CEF3886533D746433E25B83 /* CandidatePickerView.swift */,
				2D02F2EB91181BAE3E0F996D /* DocumentView.swift */,
				4F537FF3C92D7F959A828FD0 /* HomeView.swift */,
				A582DCBA84994547250330F9 /* SettingsView.swift */,
				CBF47733217E898BADAED894 /* Support.swift */,
			);
			path = Views;
			sourceTree = "<group>";
		};
		26C629A60745799F00B25BC7 /* Resources */ = {
			isa = PBXGroup;
			children = (
				086E183F0701CE008CB3614E /* skill-core */,
			);
			path = Resources;
			sourceTree = "<group>";
		};
		7E3F5FA17BA0566519FB2A09 /* Sources */ = {
			isa = PBXGroup;
			children = (
				9ABBD420677B02D93F6AC1F9 /* Clipnote-iOS.entitlements */,
				422337F16ECC7377FB106D23 /* Clipnote-macOS.entitlements */,
				5901F527D1FE582F9DC5370A /* ContentView.swift */,
				99048B61EEFA2BFFC865C74E /* Info.plist */,
				97C0F0D2FBD7AB8899783377 /* App */,
				88749F8620CE81A3B7DDB521 /* Capture */,
				A92446F5E847075022683365 /* Models */,
				9A499F66C73384DCFF0B9638 /* Services */,
				0BE6FE5C31551DDD190E65E4 /* Views */,
			);
			path = Sources;
			sourceTree = "<group>";
		};
		88749F8620CE81A3B7DDB521 /* Capture */ = {
			isa = PBXGroup;
			children = (
				422D26C2AB7348347DACFC7E /* CaptureScript.swift */,
				63428D6C8CFA774A9F628412 /* PlayerBridge.swift */,
				20924CC388A5A71A968C279B /* PlayerWebView.swift */,
				82CA802247D1A52D9CB7E9CB /* SpikeCaptureView.swift */,
			);
			path = Capture;
			sourceTree = "<group>";
		};
		97C0F0D2FBD7AB8899783377 /* App */ = {
			isa = PBXGroup;
			children = (
				566341E0C576E91DCB9F6D80 /* AppModel.swift */,
				767EF3AD9B2B7205C47CCDF8 /* ClipnoteApp.swift */,
				1E0D0A9FFF81BFAF7E708572 /* ShareInbox.swift */,
			);
			path = App;
			sourceTree = "<group>";
		};
		9A499F66C73384DCFF0B9638 /* Services */ = {
			isa = PBXGroup;
			children = (
				B0785357617101FBE2328D1B /* ClipnoteAPI.swift */,
				67B1E238A13D8A9884F801DC /* DocumentStore.swift */,
				1C53CA9270B06BE86C9EF3D0 /* KeychainStore.swift */,
				E1E331A550C1529F607C7A2E /* MarkdownBuilder.swift */,
				3656C1A46AF2A2255D46BA1B /* MustacheLite.swift */,
				BFFA10C56D0780CFAD9FC1E3 /* NotionBlockBuilder.swift */,
				7EAC7C06E40745B83B2ABD5B /* Settings.swift */,
			);
			path = Services;
			sourceTree = "<group>";
		};
		A92446F5E847075022683365 /* Models */ = {
			isa = PBXGroup;
			children = (
				26CEA983299132DF09EDDF81 /* Analysis.swift */,
				95A9058A08C2CB93E411284E /* CandidateTimes.swift */,
				5B5C20A9BA66575DBCC66A67 /* NotionPageID.swift */,
				02A890E9DC0157F018709067 /* YouTubeURL.swift */,
			);
			path = Models;
			sourceTree = "<group>";
		};
		C2218CB726E20C7B9FC7F22A /* Products */ = {
			isa = PBXGroup;
			children = (
				28E35D5A3C0D2430AF8290DB /* Clipnote.app */,
				EF1BDBF762D2D5BD14E61A04 /* ClipnoteShare.appex */,
				7AA3A4271866979EE2794728 /* ClipnoteTests.xctest */,
			);
			name = Products;
			sourceTree = "<group>";
		};
		D1457F13C695A38B36BF42F0 /* Tests */ = {
			isa = PBXGroup;
			children = (
				E5F3B2D4944356124B26AD73 /* AnalysisTests.swift */,
				D4189D5DBCF03DF2C37B74CA /* AppModelTests.swift */,
				59E46F4ACF5BF43CB5AD38C5 /* CandidateTimesTests.swift */,
				C1A801FF4295DCF414932918 /* CapturePipelineTests.swift */,
				78A46F54889DC7794BFD06B8 /* ClipnoteAPITests.swift */,
				9EADDF25F82E762D7756AD48 /* DocumentStoreTests.swift */,
				3D29DA080058AC8289743384 /* Fixtures */,
				1005F4C611062AAA77ECDEEE /* KeychainStoreTests.swift */,
				D6FDD1EC2B34EB3972563122 /* MarkdownBuilderGoldenTests.swift */,
				1B6E537FA711C74FA2DF1ECA /* MustacheLiteTests.swift */,
				A4E278FA85B2D40271C69E4F /* NotionBlockBuilderGoldenTests.swift */,
				4AAFC864ADAC47D29A940439 /* NotionPageIDTests.swift */,
				E95074CB2F387CE12D43E8DA /* SettingsTests.swift */,
				5903F609B4D280036CDE8BB5 /* ShareInboxTests.swift */,
				DC2E252968509799BB54D5ED /* TestBundle.swift */,
				DC6B65C52C1E88D7F735C6E0 /* YouTubeURLTests.swift */,
			);
			path = Tests;
			sourceTree = "<group>";
		};
		E2F59877B872B094CB0E3E94 /* ShareExtension */ = {
			isa = PBXGroup;
			children = (
				7FF25858BF4FE970AF728713 /* ClipnoteShare.entitlements */,
				9D6A6A896A1900F05F68DAF6 /* Info.plist */,
				F78FA600AC9089972CD6951F /* ShareViewController.swift */,
			);
			path = ShareExtension;
			sourceTree = "<group>";
		};
		FAEA2CD9D6056DB066131670 = {
			isa = PBXGroup;
			children = (
				26C629A60745799F00B25BC7 /* Resources */,
				E2F59877B872B094CB0E3E94 /* ShareExtension */,
				7E3F5FA17BA0566519FB2A09 /* Sources */,
				D1457F13C695A38B36BF42F0 /* Tests */,
				C2218CB726E20C7B9FC7F22A /* Products */,
			);
			sourceTree = "<group>";
		};
/* End PBXGroup section */

/* Begin PBXNativeTarget section */
		2A23A650288ED641AE1E9288 /* Clipnote */ = {
			isa = PBXNativeTarget;
			buildConfigurationList = 5BDF6143C62E846192111495 /* Build configuration list for PBXNativeTarget "Clipnote" */;
			buildPhases = (
				9003007B4D2909987586DDA3 /* Sources */,
				277543CB24B233A03395C583 /* Resources */,
				9B98FD0B677DE4878DE0EA01 /* Embed Foundation Extensions */,
			);
			buildRules = (
			);
			dependencies = (
				D3F3AC487C1D7BE65864AD35 /* PBXTargetDependency */,
			);
			name = Clipnote;
			packageProductDependencies = (
			);
			productName = Clipnote;
			productReference = 28E35D5A3C0D2430AF8290DB /* Clipnote.app */;
			productType = "com.apple.product-type.application";
		};
		6006AB36C40E359DEB2349FE /* ClipnoteTests */ = {
			isa = PBXNativeTarget;
			buildConfigurationList = 6C244F33B10289B168025D59 /* Build configuration list for PBXNativeTarget "ClipnoteTests" */;
			buildPhases = (
				BA09A3A0A292F8E782A08A80 /* Sources */,
				DB58048DCB07D316D05F85E5 /* Resources */,
			);
			buildRules = (
			);
			dependencies = (
				375821A0ED84ADD7352CE944 /* PBXTargetDependency */,
			);
			name = ClipnoteTests;
			packageProductDependencies = (
			);
			productName = ClipnoteTests;
			productReference = 7AA3A4271866979EE2794728 /* ClipnoteTests.xctest */;
			productType = "com.apple.product-type.bundle.unit-test";
		};
		6548556369CFC336C33C5280 /* ClipnoteShare */ = {
			isa = PBXNativeTarget;
			buildConfigurationList = 38D2E7FBD1A347674D1D8149 /* Build configuration list for PBXNativeTarget "ClipnoteShare" */;
			buildPhases = (
				E54A1D3959166DEF4021393A /* Sources */,
			);
			buildRules = (
			);
			dependencies = (
			);
			name = ClipnoteShare;
			packageProductDependencies = (
			);
			productName = ClipnoteShare;
			productReference = EF1BDBF762D2D5BD14E61A04 /* ClipnoteShare.appex */;
			productType = "com.apple.product-type.app-extension";
		};
/* End PBXNativeTarget section */

/* Begin PBXProject section */
		0D3B0AAA39C801B034615528 /* Project object */ = {
			isa = PBXProject;
			attributes = {
				BuildIndependentTargetsInParallel = YES;
				LastUpgradeCheck = 1430;
				TargetAttributes = {
					2A23A650288ED641AE1E9288 = {
						ProvisioningStyle = Manual;
					};
					6006AB36C40E359DEB2349FE = {
						ProvisioningStyle = Manual;
					};
				};
			};
			buildConfigurationList = 8E7A37D3C2BF434D143DF184 /* Build configuration list for PBXProject "clipnote-apple" */;
			developmentRegion = en;
			hasScannedForEncodings = 0;
			knownRegions = (
				Base,
				en,
			);
			mainGroup = FAEA2CD9D6056DB066131670;
			minimizedProjectReferenceProxies = 1;
			preferredProjectObjectVersion = 77;
			productRefGroup = C2218CB726E20C7B9FC7F22A /* Products */;
			projectDirPath = "";
			projectRoot = "";
			targets = (
				2A23A650288ED641AE1E9288 /* Clipnote */,
				6006AB36C40E359DEB2349FE /* ClipnoteTests */,
				6548556369CFC336C33C5280 /* ClipnoteShare */,
			);
		};
/* End PBXProject section */

/* Begin PBXResourcesBuildPhase section */
		277543CB24B233A03395C583 /* Resources */ = {
			isa = PBXResourcesBuildPhase;
			buildActionMask = 2147483647;
			files = (
				135D0BE366E1B9376F0C4D10 /* skill-core in Resources */,
			);
			runOnlyForDeploymentPostprocessing = 0;
		};
		DB58048DCB07D316D05F85E5 /* Resources */ = {
			isa = PBXResourcesBuildPhase;
			buildActionMask = 2147483647;
			files = (
				30DC30B5CFE165D9DDA89017 /* Fixtures in Resources */,
			);
			runOnlyForDeploymentPostprocessing = 0;
		};
/* End PBXResourcesBuildPhase section */

/* Begin PBXSourcesBuildPhase section */
		9003007B4D2909987586DDA3 /* Sources */ = {
			isa = PBXSourcesBuildPhase;
			buildActionMask = 2147483647;
			files = (
				3B3BE03D253C461CBED7F56F /* Analysis.swift in Sources */,
				BBB3B01E75059040AB8D5D0E /* AnalyzeFlowView.swift in Sources */,
				E64E7CB20C1E29F76275F638 /* AppModel.swift in Sources */,
				63A73CFB7E75AEFCD159375E /* CandidatePickerView.swift in Sources */,
				75D14BA22DA228CF3A4CBBA1 /* CandidateTimes.swift in Sources */,
				D07EAE4DA4B8E749703A6A21 /* CaptureScript.swift in Sources */,
				00E1D0ECD04ABCFD654CDB86 /* ClipnoteAPI.swift in Sources */,
				55D4CADEB5AF68EACA8F3363 /* ClipnoteApp.swift in Sources */,
				03DA969F16C9BF943BC40F41 /* ContentView.swift in Sources */,
				B9CDC77070A7808B89E95A16 /* DocumentStore.swift in Sources */,
				BF49CC80F86A52B3F773CF24 /* DocumentView.swift in Sources */,
				73BC5151FDDA4ECF48BDA83C /* HomeView.swift in Sources */,
				7B5BB2F263CBE79E6E74AAF4 /* KeychainStore.swift in Sources */,
				093FC8CF548AF0FC0D104685 /* MarkdownBuilder.swift in Sources */,
				B048E7331E8BB4ACF80A470F /* MustacheLite.swift in Sources */,
				6011C1BFACD3602B65871E4C /* NotionBlockBuilder.swift in Sources */,
				7AC948FF15C57B6DEDA6C27A /* NotionPageID.swift in Sources */,
				DD49C47A23680E24A0F6C8C0 /* PlayerBridge.swift in Sources */,
				58CFCCA945901B46C42D14E1 /* PlayerWebView.swift in Sources */,
				9B62AFE5AE59A2423BF212A6 /* Settings.swift in Sources */,
				6971DA3494084729BACD0C58 /* SettingsView.swift in Sources */,
				DAD28AD8CB9ACAF3B4C7F432 /* ShareInbox.swift in Sources */,
				CB00BD738D93A55FEF1B4EC4 /* SpikeCaptureView.swift in Sources */,
				23C6649CAE779F414FBCC05A /* Support.swift in Sources */,
				7964969B970062E7A0A94E2D /* YouTubeURL.swift in Sources */,
			);
			runOnlyForDeploymentPostprocessing = 0;
		};
		BA09A3A0A292F8E782A08A80 /* Sources */ = {
			isa = PBXSourcesBuildPhase;
			buildActionMask = 2147483647;
			files = (
				F0927E072FF2FD35AC566BAD /* AnalysisTests.swift in Sources */,
				6C580F3FE81ECC56D479A8B7 /* AppModelTests.swift in Sources */,
				70A5D8FB3F7FE9B4FCBD1984 /* CandidateTimesTests.swift in Sources */,
				ECA478199E0D15C7C24874DF /* CapturePipelineTests.swift in Sources */,
				86F6833E9BE61FD69D542D97 /* ClipnoteAPITests.swift in Sources */,
				C92445F9BDBA7A3DE72BC97B /* DocumentStoreTests.swift in Sources */,
				179A2A6579E244A3E00F6783 /* KeychainStoreTests.swift in Sources */,
				60E83AB1C8EAE63F7907FD29 /* MarkdownBuilderGoldenTests.swift in Sources */,
				2EF122CBA49C1B36CB19F374 /* MustacheLiteTests.swift in Sources */,
				E66040DE1B47A827360800DE /* NotionBlockBuilderGoldenTests.swift in Sources */,
				827402093F5BA32ACD7E668F /* NotionPageIDTests.swift in Sources */,
				A3FDDC1878A6753D910679CD /* SettingsTests.swift in Sources */,
				763938967BEBD5D24E9533CC /* ShareInboxTests.swift in Sources */,
				24955C28DB6ED6FCF52C829E /* TestBundle.swift in Sources */,
				25B6A500536A8B66C8FC0570 /* YouTubeURLTests.swift in Sources */,
			);
			runOnlyForDeploymentPostprocessing = 0;
		};
		E54A1D3959166DEF4021393A /* Sources */ = {
			isa = PBXSourcesBuildPhase;
			buildActionMask = 2147483647;
			files = (
				A7ED52438464909A7E6825D3 /* ShareViewController.swift in Sources */,
				58C2E2C5F997DC2422820D2B /* YouTubeURL.swift in Sources */,
			);
			runOnlyForDeploymentPostprocessing = 0;
		};
/* End PBXSourcesBuildPhase section */

/* Begin PBXTargetDependency section */
		375821A0ED84ADD7352CE944 /* PBXTargetDependency */ = {
			isa = PBXTargetDependency;
			target = 2A23A650288ED641AE1E9288 /* Clipnote */;
			targetProxy = A2B647ADF040FE8453357AAE /* PBXContainerItemProxy */;
		};
		D3F3AC487C1D7BE65864AD35 /* PBXTargetDependency */ = {
			isa = PBXTargetDependency;
			platformFilter = ios;
			target = 6548556369CFC336C33C5280 /* ClipnoteShare */;
			targetProxy = 72B9119BD2F62EA4E9B315D7 /* PBXContainerItemProxy */;
		};
/* End PBXTargetDependency section */

/* Begin XCBuildConfiguration section */
		0E9B94EF0E9150348B8B024C /* Debug */ = {
			isa = XCBuildConfiguration;
			buildSettings = {
				BUNDLE_LOADER = "$(TEST_HOST)";
				CODE_SIGNING_REQUIRED = NO;
				CODE_SIGN_IDENTITY = "-";
				CODE_SIGN_STYLE = Manual;
				GENERATE_INFOPLIST_FILE = YES;
				LD_RUNPATH_SEARCH_PATHS = (
					"$(inherited)",
					"@executable_path/Frameworks",
					"@loader_path/Frameworks",
				);
				PRODUCT_BUNDLE_IDENTIFIER = com.clipnote.tests;
				SDKROOT = auto;
				SUPPORTED_PLATFORMS = "iphoneos iphonesimulator macosx";
				SUPPORTS_MACCATALYST = NO;
				SUPPORTS_MAC_DESIGNED_FOR_IPHONE_IPAD = NO;
				SUPPORTS_XR_DESIGNED_FOR_IPHONE_IPAD = YES;
				SWIFT_VERSION = 6.0;
				TARGETED_DEVICE_FAMILY = "1,2";
				TEST_HOST = "$(BUILT_PRODUCTS_DIR)/Clipnote.app/Clipnote";
				"TEST_HOST[sdk=iphonesimulator*]" = "$(BUILT_PRODUCTS_DIR)/clipnote.app/clipnote";
				"TEST_HOST[sdk=macosx*]" = "$(BUILT_PRODUCTS_DIR)/clipnote.app/Contents/MacOS/clipnote";
			};
			name = Debug;
		};
		3B1F086F20867F890C13400C /* Release */ = {
			isa = XCBuildConfiguration;
			buildSettings = {
				CODE_SIGN_ENTITLEMENTS = ShareExtension/ClipnoteShare.entitlements;
				INFOPLIST_FILE = ShareExtension/Info.plist;
				IPHONEOS_DEPLOYMENT_TARGET = 17.0;
				LD_RUNPATH_SEARCH_PATHS = (
					"$(inherited)",
					"@executable_path/Frameworks",
					"@executable_path/../../Frameworks",
				);
				PRODUCT_BUNDLE_IDENTIFIER = com.clipnote.app.share;
				SDKROOT = iphoneos;
				SWIFT_VERSION = 6.0;
				TARGETED_DEVICE_FAMILY = "1,2";
			};
			name = Release;
		};
		3BFBBF0BBD71ED6C6FF17EAB /* Debug */ = {
			isa = XCBuildConfiguration;
			buildSettings = {
				ASSETCATALOG_COMPILER_APPICON_NAME = AppIcon;
				CODE_SIGNING_REQUIRED = NO;
				"CODE_SIGN_ENTITLEMENTS[sdk=iphone*]" = "Sources/Clipnote-iOS.entitlements";
				"CODE_SIGN_ENTITLEMENTS[sdk=macosx*]" = "Sources/Clipnote-macOS.entitlements";
				CODE_SIGN_IDENTITY = "-";
				CODE_SIGN_STYLE = Manual;
				CURRENT_PROJECT_VERSION = 1;
				INFOPLIST_FILE = Sources/Info.plist;
				LD_RUNPATH_SEARCH_PATHS = (
					"$(inherited)",
					"@executable_path/Frameworks",
				);
				MARKETING_VERSION = 0.1.0;
				PRODUCT_BUNDLE_IDENTIFIER = com.clipnote.app;
				PRODUCT_NAME = clipnote;
				SDKROOT = auto;
				SUPPORTED_PLATFORMS = "iphoneos iphonesimulator macosx";
				SUPPORTS_MACCATALYST = NO;
				SUPPORTS_MAC_DESIGNED_FOR_IPHONE_IPAD = NO;
				SUPPORTS_XR_DESIGNED_FOR_IPHONE_IPAD = YES;
				SWIFT_VERSION = 6.0;
				TARGETED_DEVICE_FAMILY = "1,2";
			};
			name = Debug;
		};
		656FC057288A0C4250A77CB8 /* Release */ = {
			isa = XCBuildConfiguration;
			buildSettings = {
				ALWAYS_SEARCH_USER_PATHS = NO;
				CLANG_ANALYZER_NONNULL = YES;
				CLANG_ANALYZER_NUMBER_OBJECT_CONVERSION = YES_AGGRESSIVE;
				CLANG_CXX_LANGUAGE_STANDARD = "gnu++14";
				CLANG_CXX_LIBRARY = "libc++";
				CLANG_ENABLE_MODULES = YES;
				CLANG_ENABLE_OBJC_ARC = YES;
				CLANG_ENABLE_OBJC_WEAK = YES;
				CLANG_WARN_BLOCK_CAPTURE_AUTORELEASING = YES;
				CLANG_WARN_BOOL_CONVERSION = YES;
				CLANG_WARN_COMMA = YES;
				CLANG_WARN_CONSTANT_CONVERSION = YES;
				CLANG_WARN_DEPRECATED_OBJC_IMPLEMENTATIONS = YES;
				CLANG_WARN_DIRECT_OBJC_ISA_USAGE = YES_ERROR;
				CLANG_WARN_DOCUMENTATION_COMMENTS = YES;
				CLANG_WARN_EMPTY_BODY = YES;
				CLANG_WARN_ENUM_CONVERSION = YES;
				CLANG_WARN_INFINITE_RECURSION = YES;
				CLANG_WARN_INT_CONVERSION = YES;
				CLANG_WARN_NON_LITERAL_NULL_CONVERSION = YES;
				CLANG_WARN_OBJC_IMPLICIT_RETAIN_SELF = YES;
				CLANG_WARN_OBJC_LITERAL_CONVERSION = YES;
				CLANG_WARN_OBJC_ROOT_CLASS = YES_ERROR;
				CLANG_WARN_QUOTED_INCLUDE_IN_FRAMEWORK_HEADER = YES;
				CLANG_WARN_RANGE_LOOP_ANALYSIS = YES;
				CLANG_WARN_STRICT_PROTOTYPES = YES;
				CLANG_WARN_SUSPICIOUS_MOVE = YES;
				CLANG_WARN_UNGUARDED_AVAILABILITY = YES_AGGRESSIVE;
				CLANG_WARN_UNREACHABLE_CODE = YES;
				CLANG_WARN__DUPLICATE_METHOD_MATCH = YES;
				COPY_PHASE_STRIP = NO;
				DEBUG_INFORMATION_FORMAT = "dwarf-with-dsym";
				ENABLE_NS_ASSERTIONS = NO;
				ENABLE_STRICT_OBJC_MSGSEND = YES;
				GCC_C_LANGUAGE_STANDARD = gnu11;
				GCC_NO_COMMON_BLOCKS = YES;
				GCC_WARN_64_TO_32_BIT_CONVERSION = YES;
				GCC_WARN_ABOUT_RETURN_TYPE = YES_ERROR;
				GCC_WARN_UNDECLARED_SELECTOR = YES;
				GCC_WARN_UNINITIALIZED_AUTOS = YES_AGGRESSIVE;
				GCC_WARN_UNUSED_FUNCTION = YES;
				GCC_WARN_UNUSED_VARIABLE = YES;
				IPHONEOS_DEPLOYMENT_TARGET = 17.0;
				MACOSX_DEPLOYMENT_TARGET = 14.0;
				MTL_ENABLE_DEBUG_INFO = NO;
				MTL_FAST_MATH = YES;
				PRODUCT_NAME = "$(TARGET_NAME)";
				SWIFT_COMPILATION_MODE = wholemodule;
				SWIFT_OPTIMIZATION_LEVEL = "-O";
				SWIFT_VERSION = 5.0;
			};
			name = Release;
		};
		7516FE076EDD8D95BD1A190A /* Debug */ = {
			isa = XCBuildConfiguration;
			buildSettings = {
				ALWAYS_SEARCH_USER_PATHS = NO;
				CLANG_ANALYZER_NONNULL = YES;
				CLANG_ANALYZER_NUMBER_OBJECT_CONVERSION = YES_AGGRESSIVE;
				CLANG_CXX_LANGUAGE_STANDARD = "gnu++14";
				CLANG_CXX_LIBRARY = "libc++";
				CLANG_ENABLE_MODULES = YES;
				CLANG_ENABLE_OBJC_ARC = YES;
				CLANG_ENABLE_OBJC_WEAK = YES;
				CLANG_WARN_BLOCK_CAPTURE_AUTORELEASING = YES;
				CLANG_WARN_BOOL_CONVERSION = YES;
				CLANG_WARN_COMMA = YES;
				CLANG_WARN_CONSTANT_CONVERSION = YES;
				CLANG_WARN_DEPRECATED_OBJC_IMPLEMENTATIONS = YES;
				CLANG_WARN_DIRECT_OBJC_ISA_USAGE = YES_ERROR;
				CLANG_WARN_DOCUMENTATION_COMMENTS = YES;
				CLANG_WARN_EMPTY_BODY = YES;
				CLANG_WARN_ENUM_CONVERSION = YES;
				CLANG_WARN_INFINITE_RECURSION = YES;
				CLANG_WARN_INT_CONVERSION = YES;
				CLANG_WARN_NON_LITERAL_NULL_CONVERSION = YES;
				CLANG_WARN_OBJC_IMPLICIT_RETAIN_SELF = YES;
				CLANG_WARN_OBJC_LITERAL_CONVERSION = YES;
				CLANG_WARN_OBJC_ROOT_CLASS = YES_ERROR;
				CLANG_WARN_QUOTED_INCLUDE_IN_FRAMEWORK_HEADER = YES;
				CLANG_WARN_RANGE_LOOP_ANALYSIS = YES;
				CLANG_WARN_STRICT_PROTOTYPES = YES;
				CLANG_WARN_SUSPICIOUS_MOVE = YES;
				CLANG_WARN_UNGUARDED_AVAILABILITY = YES_AGGRESSIVE;
				CLANG_WARN_UNREACHABLE_CODE = YES;
				CLANG_WARN__DUPLICATE_METHOD_MATCH = YES;
				COPY_PHASE_STRIP = NO;
				DEBUG_INFORMATION_FORMAT = dwarf;
				ENABLE_STRICT_OBJC_MSGSEND = YES;
				ENABLE_TESTABILITY = YES;
				GCC_C_LANGUAGE_STANDARD = gnu11;
				GCC_DYNAMIC_NO_PIC = NO;
				GCC_NO_COMMON_BLOCKS = YES;
				GCC_OPTIMIZATION_LEVEL = 0;
				GCC_PREPROCESSOR_DEFINITIONS = (
					"$(inherited)",
					"DEBUG=1",
				);
				GCC_WARN_64_TO_32_BIT_CONVERSION = YES;
				GCC_WARN_ABOUT_RETURN_TYPE = YES_ERROR;
				GCC_WARN_UNDECLARED_SELECTOR = YES;
				GCC_WARN_UNINITIALIZED_AUTOS = YES_AGGRESSIVE;
				GCC_WARN_UNUSED_FUNCTION = YES;
				GCC_WARN_UNUSED_VARIABLE = YES;
				IPHONEOS_DEPLOYMENT_TARGET = 17.0;
				MACOSX_DEPLOYMENT_TARGET = 14.0;
				MTL_ENABLE_DEBUG_INFO = INCLUDE_SOURCE;
				MTL_FAST_MATH = YES;
				ONLY_ACTIVE_ARCH = YES;
				PRODUCT_NAME = "$(TARGET_NAME)";
				SWIFT_ACTIVE_COMPILATION_CONDITIONS = DEBUG;
				SWIFT_OPTIMIZATION_LEVEL = "-Onone";
				SWIFT_VERSION = 5.0;
			};
			name = Debug;
		};
		9513562E704EF4529B2E3A04 /* Debug */ = {
			isa = XCBuildConfiguration;
			buildSettings = {
				CODE_SIGN_ENTITLEMENTS = ShareExtension/ClipnoteShare.entitlements;
				INFOPLIST_FILE = ShareExtension/Info.plist;
				IPHONEOS_DEPLOYMENT_TARGET = 17.0;
				LD_RUNPATH_SEARCH_PATHS = (
					"$(inherited)",
					"@executable_path/Frameworks",
					"@executable_path/../../Frameworks",
				);
				PRODUCT_BUNDLE_IDENTIFIER = com.clipnote.app.share;
				SDKROOT = iphoneos;
				SWIFT_VERSION = 6.0;
				TARGETED_DEVICE_FAMILY = "1,2";
			};
			name = Debug;
		};
		A3660216A40D57A655FD1973 /* Release */ = {
			isa = XCBuildConfiguration;
			buildSettings = {
				BUNDLE_LOADER = "$(TEST_HOST)";
				CODE_SIGNING_REQUIRED = NO;
				CODE_SIGN_IDENTITY = "-";
				CODE_SIGN_STYLE = Manual;
				GENERATE_INFOPLIST_FILE = YES;
				LD_RUNPATH_SEARCH_PATHS = (
					"$(inherited)",
					"@executable_path/Frameworks",
					"@loader_path/Frameworks",
				);
				PRODUCT_BUNDLE_IDENTIFIER = com.clipnote.tests;
				SDKROOT = auto;
				SUPPORTED_PLATFORMS = "iphoneos iphonesimulator macosx";
				SUPPORTS_MACCATALYST = NO;
				SUPPORTS_MAC_DESIGNED_FOR_IPHONE_IPAD = NO;
				SUPPORTS_XR_DESIGNED_FOR_IPHONE_IPAD = YES;
				SWIFT_VERSION = 6.0;
				TARGETED_DEVICE_FAMILY = "1,2";
				TEST_HOST = "$(BUILT_PRODUCTS_DIR)/Clipnote.app/Clipnote";
				"TEST_HOST[sdk=iphonesimulator*]" = "$(BUILT_PRODUCTS_DIR)/clipnote.app/clipnote";
				"TEST_HOST[sdk=macosx*]" = "$(BUILT_PRODUCTS_DIR)/clipnote.app/Contents/MacOS/clipnote";
			};
			name = Release;
		};
		EBE42CF0E418ED492CF7F82D /* Release */ = {
			isa = XCBuildConfiguration;
			buildSettings = {
				ASSETCATALOG_COMPILER_APPICON_NAME = AppIcon;
				CODE_SIGNING_REQUIRED = NO;
				"CODE_SIGN_ENTITLEMENTS[sdk=iphone*]" = "Sources/Clipnote-iOS.entitlements";
				"CODE_SIGN_ENTITLEMENTS[sdk=macosx*]" = "Sources/Clipnote-macOS.entitlements";
				CODE_SIGN_IDENTITY = "-";
				CODE_SIGN_STYLE = Manual;
				CURRENT_PROJECT_VERSION = 1;
				INFOPLIST_FILE = Sources/Info.plist;
				LD_RUNPATH_SEARCH_PATHS = (
					"$(inherited)",
					"@executable_path/Frameworks",
				);
				MARKETING_VERSION = 0.1.0;
				PRODUCT_BUNDLE_IDENTIFIER = com.clipnote.app;
				PRODUCT_NAME = clipnote;
				SDKROOT = auto;
				SUPPORTED_PLATFORMS = "iphoneos iphonesimulator macosx";
				SUPPORTS_MACCATALYST = NO;
				SUPPORTS_MAC_DESIGNED_FOR_IPHONE_IPAD = NO;
				SUPPORTS_XR_DESIGNED_FOR_IPHONE_IPAD = YES;
				SWIFT_VERSION = 6.0;
				TARGETED_DEVICE_FAMILY = "1,2";
			};
			name = Release;
		};
/* End XCBuildConfiguration section */

/* Begin XCConfigurationList section */
		38D2E7FBD1A347674D1D8149 /* Build configuration list for PBXNativeTarget "ClipnoteShare" */ = {
			isa = XCConfigurationList;
			buildConfigurations = (
				9513562E704EF4529B2E3A04 /* Debug */,
				3B1F086F20867F890C13400C /* Release */,
			);
			defaultConfigurationIsVisible = 0;
			defaultConfigurationName = Debug;
		};
		5BDF6143C62E846192111495 /* Build configuration list for PBXNativeTarget "Clipnote" */ = {
			isa = XCConfigurationList;
			buildConfigurations = (
				3BFBBF0BBD71ED6C6FF17EAB /* Debug */,
				EBE42CF0E418ED492CF7F82D /* Release */,
			);
			defaultConfigurationIsVisible = 0;
			defaultConfigurationName = Debug;
		};
		6C244F33B10289B168025D59 /* Build configuration list for PBXNativeTarget "ClipnoteTests" */ = {
			isa = XCConfigurationList;
			buildConfigurations = (
				0E9B94EF0E9150348B8B024C /* Debug */,
				A3660216A40D57A655FD1973 /* Release */,
			);
			defaultConfigurationIsVisible = 0;
			defaultConfigurationName = Debug;
		};
		8E7A37D3C2BF434D143DF184 /* Build configuration list for PBXProject "clipnote-apple" */ = {
			isa = XCConfigurationList;
			buildConfigurations = (
				7516FE076EDD8D95BD1A190A /* Debug */,
				656FC057288A0C4250A77CB8 /* Release */,
			);
			defaultConfigurationIsVisible = 0;
			defaultConfigurationName = Debug;
		};
/* End XCConfigurationList section */
	};
	rootObject = 0D3B0AAA39C801B034615528 /* Project object */;
}
